<?xml version="1.0" encoding="utf-8"?>
<Project ToolsVersion="4.0" xmlns="http://schemas.microsoft.com/developer/msbuild/2003">
  <ItemGroup>
    <ClCompile Include="source\svm-train.cpp">
      <Filter>Source Files</Filter>
    </ClCompile>
    <ClCompile Include="source\psvm.cpp">
      <Filter>Source Files</Filter>
    </ClCompile>
  </ItemGroup>
  <ItemGroup>
    <ClInclude Include="source\psvm.h">
      <Filter>Header Files</Filter>
    </ClInclude>
    <ClInclude Include="source\GPUSocket.h">
      <Filter>Header Files</Filter>
    </ClInclude>
    <ClInclude Include="..\ClockUtility\ClockUtility.h">
      <Filter>Header Files</Filter>
    </ClInclude>
  </ItemGroup>
  <ItemGroup>
    <Filter Include="Source Files">
      <UniqueIdentifier>{12dd34c2-7cb2-41d7-8b59-3b9c51f62ff3}</UniqueIdentifier>
    </Filter>
    <Filter Include="Resource Files">
      <UniqueIdentifier>{11ba01f5-95a8-4d5e-bbf1-2a9454bc7182}</UniqueIdentifier>
    </Filter>
    <Filter Include="Header Files">
      <UniqueIdentifier>{627e0407-eb4e-42cb-8dc0-fa6211eb035c}</UniqueIdentifier>
    </Filter>
  </ItemGroup>
  <ItemGroup>
    <None Include="HelloWorld_Kernel.cl" />
  </ItemGroup>
</Project>